
Microsoft Visual Studio Solution File, Format Version 12.00
# Visual Studio Version 16
VisualStudioVersion = 16.0.30517.126
MinimumVisualStudioVersion = 10.0.40219.1
Project("{FAE04EC0-301F-11D3-BF4B-00C04F79EFBC}") = "SPZ_BuildingPlaner", "SPZ_BuildingPlaner\SPZ_BuildingPlaner.csproj", "{B6B16C0E-058F-432E-91A0-F72F6F78DDEB}"
EndProject
Global
	GlobalSection(SolutionConfigurationPlatforms) = preSolution
		Debug|Any CPU = Debug|Any CPU
		Release|Any CPU = Release|Any CPU
	EndGlobalSection
	GlobalSection(ProjectConfigurationPlatforms) = postSolution
		{B6B16C0E-058F-432E-91A0-F72F6F78DDEB}.Debug|Any CPU.ActiveCfg = Debug|Any CPU
		{B6B16C0E-058F-432E-91A0-F72F6F78DDEB}.Debug|Any CPU.Build.0 = Debug|Any CPU
		{B6B16C0E-058F-432E-91A0-F72F6F78DDEB}.Release|Any CPU.ActiveCfg = Release|Any CPU
		{B6B16C0E-058F-432E-91A0-F72F6F78DDEB}.Release|Any CPU.Build.0 = Release|Any CPU
	EndGlobalSection
	GlobalSection(SolutionProperties) = preSolution
		HideSolutionNode = FALSE
	EndGlobalSection
	GlobalSection(ExtensibilityGlobals) = postSolution
		SolutionGuid = {ED8B0DE2-4D05-4926-9FC2-4EC97D413824}
	EndGlobalSection
EndGlobal
